
Microsoft Visual Studio Solution File, Format Version 12.00
# Visual Studio Version 16
VisualStudioVersion = 16.0.31321.278
MinimumVisualStudioVersion = 10.0.40219.1
Project("{9A19103F-16F7-4668-BE54-9A1E7A4F7556}") = "LCD Remote Controller", "LCD Remote Controller\LCD Remote Controller.csproj", "{CF93F699-2CDE-4A05-BAAF-E31F56173A66}"
EndProject
Global
	GlobalSection(SolutionConfigurationPlatforms) = preSolution
		Debug|Any CPU = Debug|Any CPU
		Release|Any CPU = Release|Any CPU
	EndGlobalSection
	GlobalSection(ProjectConfigurationPlatforms) = postSolution
		{CF93F699-2CDE-4A05-BAAF-E31F56173A66}.Debug|Any CPU.ActiveCfg = Debug|Any CPU
		{CF93F699-2CDE-4A05-BAAF-E31F56173A66}.Debug|Any CPU.Build.0 = Debug|Any CPU
		{CF93F699-2CDE-4A05-BAAF-E31F56173A66}.Release|Any CPU.ActiveCfg = Release|Any CPU
		{CF93F699-2CDE-4A05-BAAF-E31F56173A66}.Release|Any CPU.Build.0 = Release|Any CPU
	EndGlobalSection
	GlobalSection(SolutionProperties) = preSolution
		HideSolutionNode = FALSE
	EndGlobalSection
	GlobalSection(ExtensibilityGlobals) = postSolution
		SolutionGuid = {1752E98A-48BB-4ADB-B036-AA7E06E5FB1C}
	EndGlobalSection
EndGlobal
